
Microsoft Visual Studio Solution File, Format Version 12.00
# Visual Studio Version 17
VisualStudioVersion = 17.9.34622.214
MinimumVisualStudioVersion = 10.0.40219.1
Project("{FAE04EC0-301F-11D3-BF4B-00C04F79EFBC}") = "Novel-Nest", "Novel-Nest\Novel-Nest.csproj", "{C2FDAB26-9AB4-4342-A362-1D19E91E9C7D}"
EndProject
Global
	GlobalSection(SolutionConfigurationPlatforms) = preSolution
		Debug|Any CPU = Debug|Any CPU
		Release|Any CPU = Release|Any CPU
	EndGlobalSection
	GlobalSection(ProjectConfigurationPlatforms) = postSolution
		{C2FDAB26-9AB4-4342-A362-1D19E91E9C7D}.Debug|Any CPU.ActiveCfg = Debug|Any CPU
		{C2FDAB26-9AB4-4342-A362-1D19E91E9C7D}.Debug|Any CPU.Build.0 = Debug|Any CPU
		{C2FDAB26-9AB4-4342-A362-1D19E91E9C7D}.Release|Any CPU.ActiveCfg = Release|Any CPU
		{C2FDAB26-9AB4-4342-A362-1D19E91E9C7D}.Release|Any CPU.Build.0 = Release|Any CPU
	EndGlobalSection
	GlobalSection(SolutionProperties) = preSolution
		HideSolutionNode = FALSE
	EndGlobalSection
	GlobalSection(ExtensibilityGlobals) = postSolution
		SolutionGuid = {EEBE4990-8270-49E2-A618-756F79CEEDCB}
	EndGlobalSection
EndGlobal
