
Microsoft Visual Studio Solution File, Format Version 12.00
# Visual Studio Version 17
VisualStudioVersion = 17.9.34622.214
MinimumVisualStudioVersion = 10.0.40219.1
Project("{9A19103F-16F7-4668-BE54-9A1E7A4F7556}") = "Novel-Nest", "Novel-Nest\Novel-Nest.csproj", "{C2FDAB26-9AB4-4342-A362-1D19E91E9C7D}"
EndProject
Project("{9A19103F-16F7-4668-BE54-9A1E7A4F7556}") = "Novel-Nest-Core", "Logic\Novel-Nest-Core.csproj", "{38A07E0D-48CA-4CCF-A202-00EFA6A166AF}"
EndProject
Project("{9A19103F-16F7-4668-BE54-9A1E7A4F7556}") = "Novel-Nest-DAL", "DAL\Novel-Nest-DAL.csproj", "{BA29DD7F-C6E2-4D4C-9ADA-132052DB2446}"
EndProject
Project("{FAE04EC0-301F-11D3-BF4B-00C04F79EFBC}") = "UnitTest_Novel_Nest", "UnitTest_Novel_Nest\UnitTest_Novel_Nest.csproj", "{8213D63F-D3B5-44AC-BD88-23F5643F1047}"
EndProject
Global
	GlobalSection(SolutionConfigurationPlatforms) = preSolution
		Debug|Any CPU = Debug|Any CPU
		Release|Any CPU = Release|Any CPU
	EndGlobalSection
	GlobalSection(ProjectConfigurationPlatforms) = postSolution
		{C2FDAB26-9AB4-4342-A362-1D19E91E9C7D}.Debug|Any CPU.ActiveCfg = Debug|Any CPU
		{C2FDAB26-9AB4-4342-A362-1D19E91E9C7D}.Debug|Any CPU.Build.0 = Debug|Any CPU
		{C2FDAB26-9AB4-4342-A362-1D19E91E9C7D}.Release|Any CPU.ActiveCfg = Release|Any CPU
		{C2FDAB26-9AB4-4342-A362-1D19E91E9C7D}.Release|Any CPU.Build.0 = Release|Any CPU
		{38A07E0D-48CA-4CCF-A202-00EFA6A166AF}.Debug|Any CPU.ActiveCfg = Debug|Any CPU
		{38A07E0D-48CA-4CCF-A202-00EFA6A166AF}.Debug|Any CPU.Build.0 = Debug|Any CPU
		{38A07E0D-48CA-4CCF-A202-00EFA6A166AF}.Release|Any CPU.ActiveCfg = Release|Any CPU
		{38A07E0D-48CA-4CCF-A202-00EFA6A166AF}.Release|Any CPU.Build.0 = Release|Any CPU
		{BA29DD7F-C6E2-4D4C-9ADA-132052DB2446}.Debug|Any CPU.ActiveCfg = Debug|Any CPU
		{BA29DD7F-C6E2-4D4C-9ADA-132052DB2446}.Debug|Any CPU.Build.0 = Debug|Any CPU
		{BA29DD7F-C6E2-4D4C-9ADA-132052DB2446}.Release|Any CPU.ActiveCfg = Release|Any CPU
		{BA29DD7F-C6E2-4D4C-9ADA-132052DB2446}.Release|Any CPU.Build.0 = Release|Any CPU
		{8213D63F-D3B5-44AC-BD88-23F5643F1047}.Debug|Any CPU.ActiveCfg = Debug|Any CPU
		{8213D63F-D3B5-44AC-BD88-23F5643F1047}.Debug|Any CPU.Build.0 = Debug|Any CPU
		{8213D63F-D3B5-44AC-BD88-23F5643F1047}.Release|Any CPU.ActiveCfg = Release|Any CPU
		{8213D63F-D3B5-44AC-BD88-23F5643F1047}.Release|Any CPU.Build.0 = Release|Any CPU
	EndGlobalSection
	GlobalSection(SolutionProperties) = preSolution
		HideSolutionNode = FALSE
	EndGlobalSection
	GlobalSection(ExtensibilityGlobals) = postSolution
		SolutionGuid = {EEBE4990-8270-49E2-A618-756F79CEEDCB}
	EndGlobalSection
EndGlobal
